
Microsoft Visual Studio Solution File, Format Version 12.00
# Visual Studio Version 16
VisualStudioVersion = 16.0.30804.86
MinimumVisualStudioVersion = 10.0.40219.1
Project("{9A19103F-16F7-4668-BE54-9A1E7A4F7556}") = "SCAE.Api", "SCAE.Api\SCAE.Api.csproj", "{4E2D2047-15C5-499A-AE3A-4AA9DAF36EF4}"
EndProject
Project("{2150E333-8FDC-42A3-9474-1A3956D46DE8}") = "Library", "Library", "{96EF03B8-6139-45E7-BE01-F9A0BCAA30CC}"
EndProject
Project("{9A19103F-16F7-4668-BE54-9A1E7A4F7556}") = "SCAE.Domain", "SCAE.Domain\SCAE.Domain.csproj", "{F24F7328-40AD-4A93-91B4-C35C014C1A38}"
EndProject
Project("{9A19103F-16F7-4668-BE54-9A1E7A4F7556}") = "SCAE.Framework", "SCAE.Framework\SCAE.Framework.csproj", "{78781F6E-2970-4C89-BCD3-DC798C3DBBE9}"
EndProject
Project("{9A19103F-16F7-4668-BE54-9A1E7A4F7556}") = "SCAE.Data", "SCAE.Repository\SCAE.Data.csproj", "{78134F7B-4A18-4936-A1D7-AF831F6DE519}"
EndProject
Project("{2150E333-8FDC-42A3-9474-1A3956D46DE8}") = "Web-Api", "Web-Api", "{CFB78B7D-EA4B-4CA2-AC0A-19F00F498C42}"
EndProject
Project("{9A19103F-16F7-4668-BE54-9A1E7A4F7556}") = "SCAE.Service", "SCAE.Service\SCAE.Service.csproj", "{A2B01945-2551-4DAB-994B-F0D05FD336CE}"
EndProject
Project("{2150E333-8FDC-42A3-9474-1A3956D46DE8}") = "Work Service", "Work Service", "{2A8C5E8A-7930-4DB7-B624-EE986BCC538A}"
EndProject
Project("{9A19103F-16F7-4668-BE54-9A1E7A4F7556}") = "SCAE.WorkerService", "SCAE.WorkerService\SCAE.WorkerService.csproj", "{AFE4236A-CD11-42F1-BE1E-2E6BAA310433}"
EndProject
Project("{2150E333-8FDC-42A3-9474-1A3956D46DE8}") = "Console", "Console", "{EA275199-B54C-4882-9F5A-A497D47D8D84}"
EndProject
Project("{FAE04EC0-301F-11D3-BF4B-00C04F79EFBC}") = "SCAE.Migracao", "SCAE.Console\SCAE.Migracao.csproj", "{36DFE3DD-06F1-4739-90D3-B0B53D0B0986}"
EndProject
Global
	GlobalSection(SolutionConfigurationPlatforms) = preSolution
		Debug|Any CPU = Debug|Any CPU
		Release|Any CPU = Release|Any CPU
	EndGlobalSection
	GlobalSection(ProjectConfigurationPlatforms) = postSolution
		{4E2D2047-15C5-499A-AE3A-4AA9DAF36EF4}.Debug|Any CPU.ActiveCfg = Debug|Any CPU
		{4E2D2047-15C5-499A-AE3A-4AA9DAF36EF4}.Debug|Any CPU.Build.0 = Debug|Any CPU
		{4E2D2047-15C5-499A-AE3A-4AA9DAF36EF4}.Release|Any CPU.ActiveCfg = Release|Any CPU
		{4E2D2047-15C5-499A-AE3A-4AA9DAF36EF4}.Release|Any CPU.Build.0 = Release|Any CPU
		{F24F7328-40AD-4A93-91B4-C35C014C1A38}.Debug|Any CPU.ActiveCfg = Debug|Any CPU
		{F24F7328-40AD-4A93-91B4-C35C014C1A38}.Debug|Any CPU.Build.0 = Debug|Any CPU
		{F24F7328-40AD-4A93-91B4-C35C014C1A38}.Release|Any CPU.ActiveCfg = Release|Any CPU
		{F24F7328-40AD-4A93-91B4-C35C014C1A38}.Release|Any CPU.Build.0 = Release|Any CPU
		{78781F6E-2970-4C89-BCD3-DC798C3DBBE9}.Debug|Any CPU.ActiveCfg = Debug|Any CPU
		{78781F6E-2970-4C89-BCD3-DC798C3DBBE9}.Debug|Any CPU.Build.0 = Debug|Any CPU
		{78781F6E-2970-4C89-BCD3-DC798C3DBBE9}.Release|Any CPU.ActiveCfg = Release|Any CPU
		{78781F6E-2970-4C89-BCD3-DC798C3DBBE9}.Release|Any CPU.Build.0 = Release|Any CPU
		{78134F7B-4A18-4936-A1D7-AF831F6DE519}.Debug|Any CPU.ActiveCfg = Debug|Any CPU
		{78134F7B-4A18-4936-A1D7-AF831F6DE519}.Debug|Any CPU.Build.0 = Debug|Any CPU
		{78134F7B-4A18-4936-A1D7-AF831F6DE519}.Release|Any CPU.ActiveCfg = Release|Any CPU
		{78134F7B-4A18-4936-A1D7-AF831F6DE519}.Release|Any CPU.Build.0 = Release|Any CPU
		{A2B01945-2551-4DAB-994B-F0D05FD336CE}.Debug|Any CPU.ActiveCfg = Debug|Any CPU
		{A2B01945-2551-4DAB-994B-F0D05FD336CE}.Debug|Any CPU.Build.0 = Debug|Any CPU
		{A2B01945-2551-4DAB-994B-F0D05FD336CE}.Release|Any CPU.ActiveCfg = Release|Any CPU
		{A2B01945-2551-4DAB-994B-F0D05FD336CE}.Release|Any CPU.Build.0 = Release|Any CPU
		{AFE4236A-CD11-42F1-BE1E-2E6BAA310433}.Debug|Any CPU.ActiveCfg = Debug|Any CPU
		{AFE4236A-CD11-42F1-BE1E-2E6BAA310433}.Debug|Any CPU.Build.0 = Debug|Any CPU
		{AFE4236A-CD11-42F1-BE1E-2E6BAA310433}.Release|Any CPU.ActiveCfg = Release|Any CPU
		{AFE4236A-CD11-42F1-BE1E-2E6BAA310433}.Release|Any CPU.Build.0 = Release|Any CPU
		{36DFE3DD-06F1-4739-90D3-B0B53D0B0986}.Debug|Any CPU.ActiveCfg = Debug|Any CPU
		{36DFE3DD-06F1-4739-90D3-B0B53D0B0986}.Debug|Any CPU.Build.0 = Debug|Any CPU
		{36DFE3DD-06F1-4739-90D3-B0B53D0B0986}.Release|Any CPU.ActiveCfg = Release|Any CPU
		{36DFE3DD-06F1-4739-90D3-B0B53D0B0986}.Release|Any CPU.Build.0 = Release|Any CPU
	EndGlobalSection
	GlobalSection(SolutionProperties) = preSolution
		HideSolutionNode = FALSE
	EndGlobalSection
	GlobalSection(NestedProjects) = preSolution
		{4E2D2047-15C5-499A-AE3A-4AA9DAF36EF4} = {CFB78B7D-EA4B-4CA2-AC0A-19F00F498C42}
		{F24F7328-40AD-4A93-91B4-C35C014C1A38} = {96EF03B8-6139-45E7-BE01-F9A0BCAA30CC}
		{78781F6E-2970-4C89-BCD3-DC798C3DBBE9} = {96EF03B8-6139-45E7-BE01-F9A0BCAA30CC}
		{78134F7B-4A18-4936-A1D7-AF831F6DE519} = {96EF03B8-6139-45E7-BE01-F9A0BCAA30CC}
		{A2B01945-2551-4DAB-994B-F0D05FD336CE} = {96EF03B8-6139-45E7-BE01-F9A0BCAA30CC}
		{AFE4236A-CD11-42F1-BE1E-2E6BAA310433} = {2A8C5E8A-7930-4DB7-B624-EE986BCC538A}
		{36DFE3DD-06F1-4739-90D3-B0B53D0B0986} = {EA275199-B54C-4882-9F5A-A497D47D8D84}
	EndGlobalSection
	GlobalSection(ExtensibilityGlobals) = postSolution
		SolutionGuid = {6C17A696-CBD7-463E-987A-1D1C52451BD7}
	EndGlobalSection
EndGlobal
